// !$*UTF8*$!
{
 archiveVersion = 1;
 classes = {};
 objectVersion = 56;
 objects = {
  A10000000000000000000001 = { isa = PBXBuildFile; fileRef = A20000000000000000000001; };
  A10000000000000000000002 = { isa = PBXBuildFile; fileRef = A20000000000000000000002; };
  A10000000000000000000004 = { isa = PBXBuildFile; fileRef = A20000000000000000000004; };
  A20000000000000000000001 = { isa = PBXFileReference; lastKnownFileType = sourcecode.swift; path = FreeSwiftUIStarterApp.swift; sourceTree = "<group>"; };
  A20000000000000000000002 = { isa = PBXFileReference; lastKnownFileType = sourcecode.swift; path = ContentView.swift; sourceTree = "<group>"; };
  A20000000000000000000004 = { isa = PBXFileReference; lastKnownFileType = sourcecode.swift; path = GoEngine.swift; sourceTree = "<group>"; };
  A20000000000000000000003 = { isa = PBXFileReference; explicitFileType = wrapper.application; includeInIndex = 0; path = FreeSwiftUIStarter.app; sourceTree = BUILT_PRODUCTS_DIR; };
  A40000000000000000000001 = { isa = PBXGroup; children = (A40000000000000000000002, A40000000000000000000003); sourceTree = "<group>"; };
  A40000000000000000000002 = { isa = PBXGroup; children = (A20000000000000000000001, A20000000000000000000002, A20000000000000000000004); path = FreeSwiftUIStarter; sourceTree = "<group>"; };
  A40000000000000000000003 = { isa = PBXGroup; children = (A20000000000000000000003); name = Products; sourceTree = "<group>"; };
  A30000000000000000000002 = { isa = PBXSourcesBuildPhase; buildActionMask = 2147483647; files = (A10000000000000000000001, A10000000000000000000002, A10000000000000000000004); runOnlyForDeploymentPostprocessing = 0; };
  A50000000000000000000001 = {
   isa = PBXNativeTarget;
   buildConfigurationList = A80000000000000000000002;
   buildPhases = (A30000000000000000000002);
   buildRules = ();
   dependencies = ();
   name = FreeSwiftUIStarter;
   productName = FreeSwiftUIStarter;
   productReference = A20000000000000000000003;
   productType = "com.apple.product-type.application";
  };
  A60000000000000000000001 = {
   isa = PBXProject;
   attributes = { BuildIndependentTargetsInParallel = 1; LastUpgradeCheck = 2600; TargetAttributes = { A50000000000000000000001 = { CreatedOnToolsVersion = 26.6; }; }; };
   buildConfigurationList = A80000000000000000000001;
   compatibilityVersion = "Xcode 14.0";
   developmentRegion = en;
   hasScannedForEncodings = 0;
   knownRegions = (en, Base);
   mainGroup = A40000000000000000000001;
   productRefGroup = A40000000000000000000003;
   projectDirPath = "";
   projectRoot = "";
   targets = (A50000000000000000000001);
  };
  A70000000000000000000001 = { isa = XCBuildConfiguration; buildSettings = {
    ALWAYS_SEARCH_USER_PATHS = NO;
    CLANG_ENABLE_MODULES = YES;
    DEBUG_INFORMATION_FORMAT = dwarf;
    ENABLE_TESTABILITY = YES;
    IPHONEOS_DEPLOYMENT_TARGET = 17.0;
    SDKROOT = iphoneos;
    SWIFT_ACTIVE_COMPILATION_CONDITIONS = DEBUG;
    SWIFT_OPTIMIZATION_LEVEL = "-Onone";
   }; name = Debug; };
  A70000000000000000000002 = { isa = XCBuildConfiguration; buildSettings = {
    ALWAYS_SEARCH_USER_PATHS = NO;
    CLANG_ENABLE_MODULES = YES;
    COPY_PHASE_STRIP = YES;
    DEBUG_INFORMATION_FORMAT = "dwarf-with-dsym";
    IPHONEOS_DEPLOYMENT_TARGET = 17.0;
    SDKROOT = iphoneos;
    SWIFT_OPTIMIZATION_LEVEL = "-O";
   }; name = Release; };
  A70000000000000000000003 = { isa = XCBuildConfiguration; buildSettings = {
    CODE_SIGN_STYLE = Automatic;
    CURRENT_PROJECT_VERSION = 1;
    GENERATE_INFOPLIST_FILE = YES;
    INFOPLIST_KEY_CFBundleDisplayName = "双人围棋";
    INFOPLIST_KEY_UILaunchScreen_Generation = YES;
    IPHONEOS_DEPLOYMENT_TARGET = 17.0;
    LD_RUNPATH_SEARCH_PATHS = ("$(inherited)", "@executable_path/Frameworks");
    MARKETING_VERSION = 1.0;
    PRODUCT_BUNDLE_IDENTIFIER = dev.francis.FreeSwiftUIStarter;
    PRODUCT_NAME = "$(TARGET_NAME)";
    SUPPORTED_PLATFORMS = "iphoneos iphonesimulator";
    SWIFT_EMIT_LOC_STRINGS = YES;
    SWIFT_VERSION = 5.0;
    TARGETED_DEVICE_FAMILY = "1,2";
   }; name = Debug; };
  A70000000000000000000004 = { isa = XCBuildConfiguration; buildSettings = {
    CODE_SIGN_STYLE = Automatic;
    CURRENT_PROJECT_VERSION = 1;
    GENERATE_INFOPLIST_FILE = YES;
    INFOPLIST_KEY_CFBundleDisplayName = "双人围棋";
    INFOPLIST_KEY_UILaunchScreen_Generation = YES;
    IPHONEOS_DEPLOYMENT_TARGET = 17.0;
    LD_RUNPATH_SEARCH_PATHS = ("$(inherited)", "@executable_path/Frameworks");
    MARKETING_VERSION = 1.0;
    PRODUCT_BUNDLE_IDENTIFIER = dev.francis.FreeSwiftUIStarter;
    PRODUCT_NAME = "$(TARGET_NAME)";
    SUPPORTED_PLATFORMS = "iphoneos iphonesimulator";
    SWIFT_EMIT_LOC_STRINGS = YES;
    SWIFT_VERSION = 5.0;
    TARGETED_DEVICE_FAMILY = "1,2";
   }; name = Release; };
  A80000000000000000000001 = { isa = XCConfigurationList; buildConfigurations = (A70000000000000000000001, A70000000000000000000002); defaultConfigurationIsVisible = 0; defaultConfigurationName = Release; };
  A80000000000000000000002 = { isa = XCConfigurationList; buildConfigurations = (A70000000000000000000003, A70000000000000000000004); defaultConfigurationIsVisible = 0; defaultConfigurationName = Release; };
 };
 rootObject = A60000000000000000000001;
}
